
Microsoft Visual Studio Solution File, Format Version 12.00
# Visual Studio Version 17
VisualStudioVersion = 17.0.32112.339
MinimumVisualStudioVersion = 10.0.40219.1
Project("{FAE04EC0-301F-11D3-BF4B-00C04F79EFBC}") = "DataLayer", "DataLayer\DataLayer.csproj", "{6861A316-E5A4-4A3E-A85A-DC8DDE1CBC7F}"
EndProject
Project("{FAE04EC0-301F-11D3-BF4B-00C04F79EFBC}") = "HMSClientMVC", "HMSClientMVC\HMSClientMVC.csproj", "{F95E5AED-66BB-4CA0-9DDB-7DEE5FC868A4}"
EndProject
Project("{FAE04EC0-301F-11D3-BF4B-00C04F79EFBC}") = "HMSWebAPI", "HMSWebAPI\HMSWebAPI.csproj", "{BC5CD1A1-697D-4950-9978-03E4877D194D}"
EndProject
Global
	GlobalSection(SolutionConfigurationPlatforms) = preSolution
		Debug|Any CPU = Debug|Any CPU
		Release|Any CPU = Release|Any CPU
	EndGlobalSection
	GlobalSection(ProjectConfigurationPlatforms) = postSolution
		{6861A316-E5A4-4A3E-A85A-DC8DDE1CBC7F}.Debug|Any CPU.ActiveCfg = Debug|Any CPU
		{6861A316-E5A4-4A3E-A85A-DC8DDE1CBC7F}.Debug|Any CPU.Build.0 = Debug|Any CPU
		{6861A316-E5A4-4A3E-A85A-DC8DDE1CBC7F}.Release|Any CPU.ActiveCfg = Release|Any CPU
		{6861A316-E5A4-4A3E-A85A-DC8DDE1CBC7F}.Release|Any CPU.Build.0 = Release|Any CPU
		{F95E5AED-66BB-4CA0-9DDB-7DEE5FC868A4}.Debug|Any CPU.ActiveCfg = Debug|Any CPU
		{F95E5AED-66BB-4CA0-9DDB-7DEE5FC868A4}.Debug|Any CPU.Build.0 = Debug|Any CPU
		{F95E5AED-66BB-4CA0-9DDB-7DEE5FC868A4}.Release|Any CPU.ActiveCfg = Release|Any CPU
		{F95E5AED-66BB-4CA0-9DDB-7DEE5FC868A4}.Release|Any CPU.Build.0 = Release|Any CPU
		{BC5CD1A1-697D-4950-9978-03E4877D194D}.Debug|Any CPU.ActiveCfg = Debug|Any CPU
		{BC5CD1A1-697D-4950-9978-03E4877D194D}.Debug|Any CPU.Build.0 = Debug|Any CPU
		{BC5CD1A1-697D-4950-9978-03E4877D194D}.Release|Any CPU.ActiveCfg = Release|Any CPU
		{BC5CD1A1-697D-4950-9978-03E4877D194D}.Release|Any CPU.Build.0 = Release|Any CPU
	EndGlobalSection
	GlobalSection(SolutionProperties) = preSolution
		HideSolutionNode = FALSE
	EndGlobalSection
	GlobalSection(ExtensibilityGlobals) = postSolution
		SolutionGuid = {682D5612-CC5F-498C-AACB-1A2442D1EA71}
	EndGlobalSection
EndGlobal
